{
  "version": "5",
  "specifiers": {
    "jsr:@std/assert@1": "1.0.14",
    "jsr:@std/internal@^1.0.10": "1.0.10",
    "npm:@types/deno@^2.3.0": "2.3.0",
    "npm:@types/node@^24.4.0": "24.4.0",
    "npm:hono@^4.9.6": "4.9.6",
    "npm:zod@^4.1.7": "4.1.7"
  },
  "jsr": {
    "@std/assert@1.0.14": {
      "integrity": "68d0d4a43b365abc927f45a9b85c639ea18a9fab96ad92281e493e4ed84abaa4",
      "dependencies": [
        "jsr:@std/internal"
      ]
    },
    "@std/internal@1.0.10": {
      "integrity": "e3be62ce42cab0e177c27698e5d9800122f67b766a0bea6ca4867886cbde8cf7"
    }
  },
  "npm": {
    "@types/deno@2.3.0": {
      "integrity": "sha512-/4SyefQpKjwNKGkq9qG3Ln7MazfbWKvydyVFBnXzP5OQA4u1paoFtaOe1iHKycIWHHkhYag0lPxyheThV1ijzw=="
    },
    "@types/node@24.4.0": {
      "integrity": "sha512-gUuVEAK4/u6F9wRLznPUU4WGUacSEBDPoC2TrBkw3GAnOLHBL45QdfHOXp1kJ4ypBGLxTOB+t7NJLpKoC3gznQ==",
      "dependencies": [
        "undici-types"
      ]
    },
    "hono@4.9.6": {
      "integrity": "sha512-doVjXhSFvYZ7y0dNokjwwSahcrAfdz+/BCLvAMa/vHLzjj8+CFyV5xteThGUsKdkaasgN+gF2mUxao+SGLpUeA=="
    },
    "undici-types@7.11.0": {
      "integrity": "sha512-kt1ZriHTi7MU+Z/r9DOdAI3ONdaR3M3csEaRc6ewa4f4dTvX4cQCbJ4NkEn0ohE4hHtq85+PhPSTY+pO/1PwgA=="
    },
    "zod@4.1.7": {
      "integrity": "sha512-6qi6UYyzAl7W9uV29KvcSFXqK4QCYNYUz2YASPNBWpJE1RY6R1nArmmFPgGY/CBYWzpeMw3EOER+DR9a05O4IA=="
    }
  },
  "workspace": {
    "dependencies": [
      "jsr:@std/assert@1",
      "npm:hono@^4.9.6"
    ],
    "packageJson": {
      "dependencies": [
        "npm:@types/deno@^2.3.0",
        "npm:@types/node@^24.4.0",
        "npm:hono@^4.9.6",
        "npm:zod@^4.1.7"
      ]
    }
  }
}
