{
  "name": "backEnd",
  "lockfileVersion": 3,
  "requires": true,
  "packages": {
    "": {
      "dependencies": {
        "@types/deno": "^2.3.0",
        "hono": "^4.9.6"
      }
    },
    "node_modules/.deno/hono@4.9.6/node_modules/hono": {
      "version": "4.9.6",
      "extraneous": true,
      "license": "MIT",
      "devDependencies": {
        "@hono/eslint-config": "^2.0.3",
        "@hono/node-server": "^1.13.5",
        "@types/glob": "^9.0.0",
        "@types/jsdom": "^21.1.7",
        "@types/node": "^24.3.0",
        "@typescript/native-preview": "7.0.0-dev.20250523.1",
        "@vitest/coverage-v8": "^3.2.4",
        "arg": "^5.0.2",
        "bun-types": "^1.2.20",
        "editorconfig-checker": "^6.1.0",
        "esbuild": "^0.15.18",
        "eslint": "^9.10.0",
        "glob": "^11.0.0",
        "jsdom": "22.1.0",
        "msw": "^2.6.0",
        "np": "10.2.0",
        "pkg-pr-new": "^0.0.53",
        "prettier": "^2.6.2",
        "publint": "^0.1.16",
        "typescript": "^5.9.2",
        "undici": "^6.21.3",
        "vite-plugin-fastly-js-compute": "^0.4.2",
        "vitest": "^3.2.4",
        "wrangler": "4.12.0",
        "ws": "^8.18.0",
        "zod": "^3.23.8"
      },
      "engines": {
        "node": ">=16.9.0"
      }
    },
    "node_modules/@types/deno": {
      "version": "2.3.0",
      "resolved": "https://registry.npmjs.org/@types/deno/-/deno-2.3.0.tgz",
      "integrity": "sha512-/4SyefQpKjwNKGkq9qG3Ln7MazfbWKvydyVFBnXzP5OQA4u1paoFtaOe1iHKycIWHHkhYag0lPxyheThV1ijzw==",
      "license": "MIT"
    },
    "node_modules/hono": {
      "version": "4.9.6",
      "resolved": "https://registry.npmjs.org/hono/-/hono-4.9.6.tgz",
      "integrity": "sha512-doVjXhSFvYZ7y0dNokjwwSahcrAfdz+/BCLvAMa/vHLzjj8+CFyV5xteThGUsKdkaasgN+gF2mUxao+SGLpUeA==",
      "license": "MIT",
      "engines": {
        "node": ">=16.9.0"
      }
    }
  }
}
