{
  "version": "5",
  "specifiers": {
    "jsr:@std/assert@^1.0.15": "1.0.15",
    "jsr:@std/internal@^1.0.12": "1.0.12",
    "npm:@types/deno@^2.5.0": "2.5.0",
    "npm:hono@^4.10.4": "4.10.4",
    "npm:zod@^4.1.12": "4.1.12"
  },
  "jsr": {
    "@std/assert@1.0.15": {
      "integrity": "d64018e951dbdfab9777335ecdb000c0b4e3df036984083be219ce5941e4703b",
      "dependencies": [
        "jsr:@std/internal"
      ]
    },
    "@std/internal@1.0.12": {
      "integrity": "972a634fd5bc34b242024402972cd5143eac68d8dffaca5eaa4dba30ce17b027"
    }
  },
  "npm": {
    "@types/deno@2.5.0": {
      "integrity": "sha512-g8JS38vmc0S87jKsFzre+0ZyMOUDHPVokEJymSCRlL57h6f/FdKPWBXgdFh3Z8Ees9sz11qt9VWELU9Y9ZkiVw=="
    },
    "hono@4.10.4": {
      "integrity": "sha512-YG/fo7zlU3KwrBL5vDpWKisLYiM+nVstBQqfr7gCPbSYURnNEP9BDxEMz8KfsDR9JX0lJWDRNc6nXX31v7ZEyg=="
    },
    "zod@4.1.12": {
      "integrity": "sha512-JInaHOamG8pt5+Ey8kGmdcAcg3OL9reK8ltczgHTAwNhMys/6ThXHityHxVV2p3fkw/c+MAvBHFVYHFZDmjMCQ=="
    }
  },
  "workspace": {
    "dependencies": [
      "jsr:@std/assert@^1.0.15",
      "npm:@types/deno@^2.5.0",
      "npm:hono@^4.10.4",
      "npm:zod@^4.1.12"
    ]
  }
}
